
Microsoft Visual Studio Solution File, Format Version 12.00
# Visual Studio Version 16
VisualStudioVersion = 16.0.31313.79
MinimumVisualStudioVersion = 10.0.40219.1
Project("{FAE04EC0-301F-11D3-BF4B-00C04F79EFBC}") = "UnifiConnectionUpgrade", "UnifiConnectionUpgrade\UnifiConnectionUpgrade.csproj", "{804FA6B0-8F4F-4F90-B1F1-D119E9EE31CE}"
EndProject
Global
	GlobalSection(SolutionConfigurationPlatforms) = preSolution
		Debug|Any CPU = Debug|Any CPU
		Release|Any CPU = Release|Any CPU
	EndGlobalSection
	GlobalSection(ProjectConfigurationPlatforms) = postSolution
		{804FA6B0-8F4F-4F90-B1F1-D119E9EE31CE}.Debug|Any CPU.ActiveCfg = Debug|Any CPU
		{804FA6B0-8F4F-4F90-B1F1-D119E9EE31CE}.Debug|Any CPU.Build.0 = Debug|Any CPU
		{804FA6B0-8F4F-4F90-B1F1-D119E9EE31CE}.Release|Any CPU.ActiveCfg = Release|Any CPU
		{804FA6B0-8F4F-4F90-B1F1-D119E9EE31CE}.Release|Any CPU.Build.0 = Release|Any CPU
	EndGlobalSection
	GlobalSection(SolutionProperties) = preSolution
		HideSolutionNode = FALSE
	EndGlobalSection
	GlobalSection(ExtensibilityGlobals) = postSolution
		SolutionGuid = {82160509-8476-48F6-984A-C62B789C797D}
	EndGlobalSection
EndGlobal
